// !$*UTF8*$!
{
	archiveVersion = 1;
	classes = {
	};
	objectVersion = 77;
	objects = {

/* Begin PBXBuildFile section */
		BA70987B3033344200946EBA /* RadioPlayer+Playback.swift in Sources */ = {isa = PBXBuildFile; fileRef = BA70987A3033344200946EBA /* RadioPlayer+Playback.swift */; };
		BA70987D3033346600946EBA /* RadioPlayer+Volume.swift in Sources */ = {isa = PBXBuildFile; fileRef = BA70987C3033346600946EBA /* RadioPlayer+Volume.swift */; };
		BA70987F3033348100946EBA /* RadioPlayer+Recovery.swift in Sources */ = {isa = PBXBuildFile; fileRef = BA70987E3033348100946EBA /* RadioPlayer+Recovery.swift */; };
		BA70988C3033484200946EBA /* MediaCommandService.swift in Sources */ = {isa = PBXBuildFile; fileRef = BA70988B3033484200946EBA /* MediaCommandService.swift */; };
		BA70988E30334E7200946EBA /* NotificationService.swift in Sources */ = {isa = PBXBuildFile; fileRef = BA70988D30334E7200946EBA /* NotificationService.swift */; };
		BA7098903033631000946EBA /* SettingsView.swift in Sources */ = {isa = PBXBuildFile; fileRef = BA70988F3033631000946EBA /* SettingsView.swift */; };
		BA84C13530311C2A00F76186 /* AppState.swift in Sources */ = {isa = PBXBuildFile; fileRef = BA84C12A30311C2A00F76186 /* AppState.swift */; };
		BA84C13630311C2A00F76186 /* RadioStation.swift in Sources */ = {isa = PBXBuildFile; fileRef = BA84C12430311C2A00F76186 /* RadioStation.swift */; };
		BA84C13730311C2A00F76186 /* MenuBarView.swift in Sources */ = {isa = PBXBuildFile; fileRef = BA84C11E30311C2A00F76186 /* MenuBarView.swift */; };
		BA84C13830311C2A00F76186 /* StationManager.swift in Sources */ = {isa = PBXBuildFile; fileRef = BA84C12530311C2A00F76186 /* StationManager.swift */; };
		BA84C13930311C2A00F76186 /* MetadataService.swift in Sources */ = {isa = PBXBuildFile; fileRef = BA84C12030311C2A00F76186 /* MetadataService.swift */; };
		BA84C13A30311C2A00F76186 /* ICYMetadataReader.swift in Sources */ = {isa = PBXBuildFile; fileRef = BA84C11A30311C2A00F76186 /* ICYMetadataReader.swift */; };
		BA84C13D30311C2A00F76186 /* PlayerState.swift in Sources */ = {isa = PBXBuildFile; fileRef = BA84C12330311C2A00F76186 /* PlayerState.swift */; };
		BA84C13E30311C2A00F76186 /* RadioPlayer.swift in Sources */ = {isa = PBXBuildFile; fileRef = BA84C11C30311C2A00F76186 /* RadioPlayer.swift */; };
		BA84C14030311C2A00F76186 /* MacRadioApp.swift in Sources */ = {isa = PBXBuildFile; fileRef = BA84C13330311C2A00F76186 /* MacRadioApp.swift */; };
		BA84C14130311C2A00F76186 /* StationLoader.swift in Sources */ = {isa = PBXBuildFile; fileRef = BA84C12B30311C2A00F76186 /* StationLoader.swift */; };
		BA84C14430311C2A00F76186 /* Track.swift in Sources */ = {isa = PBXBuildFile; fileRef = BA84C12630311C2A00F76186 /* Track.swift */; };
		BA84C14530311C2A00F76186 /* AppDelegate.swift in Sources */ = {isa = PBXBuildFile; fileRef = BA84C13030311C2A00F76186 /* AppDelegate.swift */; };
		BA84C14630311C2A00F76186 /* stations.json in Resources */ = {isa = PBXBuildFile; fileRef = BA84C12830311C2A00F76186 /* stations.json */; };
		BA84C14730311C2A00F76186 /* Assets.xcassets in Resources */ = {isa = PBXBuildFile; fileRef = BA84C13130311C2A00F76186 /* Assets.xcassets */; };
		BA84C14A30311D2400F76186 /* AppSettings.swift in Sources */ = {isa = PBXBuildFile; fileRef = BA84C14930311D2400F76186 /* AppSettings.swift */; };
		BA84C14C3031417B00F76186 /* MenuBarIcon.swift in Sources */ = {isa = PBXBuildFile; fileRef = BA84C14B3031417B00F76186 /* MenuBarIcon.swift */; };
		BA84C14E3031465600F76186 /* PlayerStatusView.swift in Sources */ = {isa = PBXBuildFile; fileRef = BA84C14D3031465600F76186 /* PlayerStatusView.swift */; };
		BA8E5557303463460071F548 /* UserStation.swift in Sources */ = {isa = PBXBuildFile; fileRef = BA8E5556303463460071F548 /* UserStation.swift */; };
		BA9563F0303263BF00245920 /* AllStationsView.swift in Sources */ = {isa = PBXBuildFile; fileRef = BA9563EF303263BF00245920 /* AllStationsView.swift */; };
		BAEE4D0A3031D59C0003242E /* StationRowView.swift in Sources */ = {isa = PBXBuildFile; fileRef = BAEE4D093031D59C0003242E /* StationRowView.swift */; };
		BAEE4D0C3031D8AC0003242E /* StationListView.swift in Sources */ = {isa = PBXBuildFile; fileRef = BAEE4D0B3031D8AC0003242E /* StationListView.swift */; };
		BAEE4D123031DFB60003242E /* MenuBarStationListView.swift in Sources */ = {isa = PBXBuildFile; fileRef = BAEE4D113031DFB60003242E /* MenuBarStationListView.swift */; };
		BAEE4D143031E8660003242E /* MenuBarFavoritesView.swift in Sources */ = {isa = PBXBuildFile; fileRef = BAEE4D133031E8660003242E /* MenuBarFavoritesView.swift */; };
		BAEE4D163031EA660003242E /* ArtworkService.swift in Sources */ = {isa = PBXBuildFile; fileRef = BAEE4D153031EA660003242E /* ArtworkService.swift */; };
/* End PBXBuildFile section */

/* Begin PBXFileReference section */
		BA70987A3033344200946EBA /* RadioPlayer+Playback.swift */ = {isa = PBXFileReference; lastKnownFileType = sourcecode.swift; path = "RadioPlayer+Playback.swift"; sourceTree = "<group>"; };
		BA70987C3033346600946EBA /* RadioPlayer+Volume.swift */ = {isa = PBXFileReference; lastKnownFileType = sourcecode.swift; path = "RadioPlayer+Volume.swift"; sourceTree = "<group>"; };
		BA70987E3033348100946EBA /* RadioPlayer+Recovery.swift */ = {isa = PBXFileReference; lastKnownFileType = sourcecode.swift; path = "RadioPlayer+Recovery.swift"; sourceTree = "<group>"; };
		BA70988B3033484200946EBA /* MediaCommandService.swift */ = {isa = PBXFileReference; lastKnownFileType = sourcecode.swift; path = MediaCommandService.swift; sourceTree = "<group>"; };
		BA70988D30334E7200946EBA /* NotificationService.swift */ = {isa = PBXFileReference; lastKnownFileType = sourcecode.swift; path = NotificationService.swift; sourceTree = "<group>"; };
		BA70988F3033631000946EBA /* SettingsView.swift */ = {isa = PBXFileReference; lastKnownFileType = sourcecode.swift; path = SettingsView.swift; sourceTree = "<group>"; };
		BA84C11A30311C2A00F76186 /* ICYMetadataReader.swift */ = {isa = PBXFileReference; lastKnownFileType = sourcecode.swift; path = ICYMetadataReader.swift; sourceTree = "<group>"; };
		BA84C11C30311C2A00F76186 /* RadioPlayer.swift */ = {isa = PBXFileReference; lastKnownFileType = sourcecode.swift; path = RadioPlayer.swift; sourceTree = "<group>"; };
		BA84C11E30311C2A00F76186 /* MenuBarView.swift */ = {isa = PBXFileReference; lastKnownFileType = sourcecode.swift; path = MenuBarView.swift; sourceTree = "<group>"; };
		BA84C12030311C2A00F76186 /* MetadataService.swift */ = {isa = PBXFileReference; lastKnownFileType = sourcecode.swift; path = MetadataService.swift; sourceTree = "<group>"; };
		BA84C12330311C2A00F76186 /* PlayerState.swift */ = {isa = PBXFileReference; lastKnownFileType = sourcecode.swift; path = PlayerState.swift; sourceTree = "<group>"; };
		BA84C12430311C2A00F76186 /* RadioStation.swift */ = {isa = PBXFileReference; lastKnownFileType = sourcecode.swift; path = RadioStation.swift; sourceTree = "<group>"; };
		BA84C12530311C2A00F76186 /* StationManager.swift */ = {isa = PBXFileReference; lastKnownFileType = sourcecode.swift; path = StationManager.swift; sourceTree = "<group>"; };
		BA84C12630311C2A00F76186 /* Track.swift */ = {isa = PBXFileReference; lastKnownFileType = sourcecode.swift; path = Track.swift; sourceTree = "<group>"; };
		BA84C12830311C2A00F76186 /* stations.json */ = {isa = PBXFileReference; lastKnownFileType = text.json; path = stations.json; sourceTree = "<group>"; };
		BA84C12A30311C2A00F76186 /* AppState.swift */ = {isa = PBXFileReference; lastKnownFileType = sourcecode.swift; path = AppState.swift; sourceTree = "<group>"; };
		BA84C12B30311C2A00F76186 /* StationLoader.swift */ = {isa = PBXFileReference; lastKnownFileType = sourcecode.swift; path = StationLoader.swift; sourceTree = "<group>"; };
		BA84C13030311C2A00F76186 /* AppDelegate.swift */ = {isa = PBXFileReference; lastKnownFileType = sourcecode.swift; path = AppDelegate.swift; sourceTree = "<group>"; };
		BA84C13130311C2A00F76186 /* Assets.xcassets */ = {isa = PBXFileReference; lastKnownFileType = folder.assetcatalog; path = Assets.xcassets; sourceTree = "<group>"; };
		BA84C13230311C2A00F76186 /* MacRadio.entitlements */ = {isa = PBXFileReference; lastKnownFileType = text.plist.entitlements; path = MacRadio.entitlements; sourceTree = "<group>"; };
		BA84C13330311C2A00F76186 /* MacRadioApp.swift */ = {isa = PBXFileReference; lastKnownFileType = sourcecode.swift; path = MacRadioApp.swift; sourceTree = "<group>"; };
		BA84C14930311D2400F76186 /* AppSettings.swift */ = {isa = PBXFileReference; lastKnownFileType = sourcecode.swift; path = AppSettings.swift; sourceTree = "<group>"; };
		BA84C14B3031417B00F76186 /* MenuBarIcon.swift */ = {isa = PBXFileReference; lastKnownFileType = sourcecode.swift; path = MenuBarIcon.swift; sourceTree = "<group>"; };
		BA84C14D3031465600F76186 /* PlayerStatusView.swift */ = {isa = PBXFileReference; lastKnownFileType = sourcecode.swift; path = PlayerStatusView.swift; sourceTree = "<group>"; };
		BA8A19D6302F55A300DF0174 /* MacRadio.app */ = {isa = PBXFileReference; explicitFileType = wrapper.application; includeInIndex = 0; path = MacRadio.app; sourceTree = BUILT_PRODUCTS_DIR; };
		BA8E5556303463460071F548 /* UserStation.swift */ = {isa = PBXFileReference; lastKnownFileType = sourcecode.swift; path = UserStation.swift; sourceTree = "<group>"; };
		BA8E555830346E0C0071F548 /* Info.plist */ = {isa = PBXFileReference; lastKnownFileType = text.plist.xml; path = Info.plist; sourceTree = "<group>"; };
		BA9563EF303263BF00245920 /* AllStationsView.swift */ = {isa = PBXFileReference; lastKnownFileType = sourcecode.swift; path = AllStationsView.swift; sourceTree = "<group>"; };
		BAEE4D093031D59C0003242E /* StationRowView.swift */ = {isa = PBXFileReference; lastKnownFileType = sourcecode.swift; path = StationRowView.swift; sourceTree = "<group>"; };
		BAEE4D0B3031D8AC0003242E /* StationListView.swift */ = {isa = PBXFileReference; lastKnownFileType = sourcecode.swift; path = StationListView.swift; sourceTree = "<group>"; };
		BAEE4D113031DFB60003242E /* MenuBarStationListView.swift */ = {isa = PBXFileReference; lastKnownFileType = sourcecode.swift; path = MenuBarStationListView.swift; sourceTree = "<group>"; };
		BAEE4D133031E8660003242E /* MenuBarFavoritesView.swift */ = {isa = PBXFileReference; lastKnownFileType = sourcecode.swift; path = MenuBarFavoritesView.swift; sourceTree = "<group>"; };
		BAEE4D153031EA660003242E /* ArtworkService.swift */ = {isa = PBXFileReference; lastKnownFileType = sourcecode.swift; path = ArtworkService.swift; sourceTree = "<group>"; };
/* End PBXFileReference section */

/* Begin PBXFrameworksBuildPhase section */
		BA8A19D3302F55A300DF0174 /* Frameworks */ = {
			isa = PBXFrameworksBuildPhase;
			buildActionMask = 2147483647;
			files = (
			);
			runOnlyForDeploymentPostprocessing = 0;
		};
/* End PBXFrameworksBuildPhase section */

/* Begin PBXGroup section */
		BA70988230333B7000946EBA /* App */ = {
			isa = PBXGroup;
			children = (
				BA84C12A30311C2A00F76186 /* AppState.swift */,
				BA84C13330311C2A00F76186 /* MacRadioApp.swift */,
				BA84C13030311C2A00F76186 /* AppDelegate.swift */,
			);
			path = App;
			sourceTree = "<group>";
		};
		BA70988430333C1300946EBA /* Artwork */ = {
			isa = PBXGroup;
			children = (
				BAEE4D153031EA660003242E /* ArtworkService.swift */,
			);
			path = Artwork;
			sourceTree = "<group>";
		};
		BA70988630333C3200946EBA /* Settings */ = {
			isa = PBXGroup;
			children = (
				BA84C14930311D2400F76186 /* AppSettings.swift */,
				BA70988F3033631000946EBA /* SettingsView.swift */,
			);
			path = Settings;
			sourceTree = "<group>";
		};
		BA70988730333C4600946EBA /* MenuBar */ = {
			isa = PBXGroup;
			children = (
				BA84C11E30311C2A00F76186 /* MenuBarView.swift */,
				BAEE4D133031E8660003242E /* MenuBarFavoritesView.swift */,
				BAEE4D113031DFB60003242E /* MenuBarStationListView.swift */,
				BA9563EF303263BF00245920 /* AllStationsView.swift */,
				BA84C14B3031417B00F76186 /* MenuBarIcon.swift */,
			);
			path = MenuBar;
			sourceTree = "<group>";
		};
		BA70988830333C5B00946EBA /* Player */ = {
			isa = PBXGroup;
			children = (
				BA84C14D3031465600F76186 /* PlayerStatusView.swift */,
			);
			path = Player;
			sourceTree = "<group>";
		};
		BA70988930333EBB00946EBA /* Stations */ = {
			isa = PBXGroup;
			children = (
				BA84C12530311C2A00F76186 /* StationManager.swift */,
				BAEE4D093031D59C0003242E /* StationRowView.swift */,
				BAEE4D0B3031D8AC0003242E /* StationListView.swift */,
				BA84C12B30311C2A00F76186 /* StationLoader.swift */,
			);
			path = Stations;
			sourceTree = "<group>";
		};
		BA70988A3033480D00946EBA /* Media */ = {
			isa = PBXGroup;
			children = (
				BA70988B3033484200946EBA /* MediaCommandService.swift */,
				BA70988D30334E7200946EBA /* NotificationService.swift */,
			);
			path = Media;
			sourceTree = "<group>";
		};
		BA84C11D30311C2A00F76186 /* Audio */ = {
			isa = PBXGroup;
			children = (
				BA84C11C30311C2A00F76186 /* RadioPlayer.swift */,
				BA70987A3033344200946EBA /* RadioPlayer+Playback.swift */,
				BA70987C3033346600946EBA /* RadioPlayer+Volume.swift */,
				BA70987E3033348100946EBA /* RadioPlayer+Recovery.swift */,
			);
			path = Audio;
			sourceTree = "<group>";
		};
		BA84C12230311C2A00F76186 /* Metadata */ = {
			isa = PBXGroup;
			children = (
				BA84C12030311C2A00F76186 /* MetadataService.swift */,
				BA84C11A30311C2A00F76186 /* ICYMetadataReader.swift */,
			);
			path = Metadata;
			sourceTree = "<group>";
		};
		BA84C12730311C2A00F76186 /* Models */ = {
			isa = PBXGroup;
			children = (
				BA84C12330311C2A00F76186 /* PlayerState.swift */,
				BA84C12430311C2A00F76186 /* RadioStation.swift */,
				BA84C12630311C2A00F76186 /* Track.swift */,
				BA8E5556303463460071F548 /* UserStation.swift */,
			);
			path = Models;
			sourceTree = "<group>";
		};
		BA84C12930311C2A00F76186 /* Resources */ = {
			isa = PBXGroup;
			children = (
				BA84C12830311C2A00F76186 /* stations.json */,
			);
			path = Resources;
			sourceTree = "<group>";
		};
		BA84C12F30311C2A00F76186 /* Views */ = {
			isa = PBXGroup;
			children = (
				BA70988830333C5B00946EBA /* Player */,
				BA70988730333C4600946EBA /* MenuBar */,
			);
			path = Views;
			sourceTree = "<group>";
		};
		BA84C13430311C2A00F76186 /* MacRadio */ = {
			isa = PBXGroup;
			children = (
				BA70988A3033480D00946EBA /* Media */,
				BA70988930333EBB00946EBA /* Stations */,
				BA70988630333C3200946EBA /* Settings */,
				BA70988430333C1300946EBA /* Artwork */,
				BA70988230333B7000946EBA /* App */,
				BA84C11D30311C2A00F76186 /* Audio */,
				BA84C12230311C2A00F76186 /* Metadata */,
				BA84C12730311C2A00F76186 /* Models */,
				BA84C12930311C2A00F76186 /* Resources */,
				BA84C12F30311C2A00F76186 /* Views */,
				BA84C13130311C2A00F76186 /* Assets.xcassets */,
				BA84C13230311C2A00F76186 /* MacRadio.entitlements */,
				BA8E555830346E0C0071F548 /* Info.plist */,
			);
			path = MacRadio;
			sourceTree = "<group>";
		};
		BA8A19CD302F55A300DF0174 = {
			isa = PBXGroup;
			children = (
				BA84C13430311C2A00F76186 /* MacRadio */,
				BA8A19D7302F55A300DF0174 /* Products */,
			);
			sourceTree = "<group>";
		};
		BA8A19D7302F55A300DF0174 /* Products */ = {
			isa = PBXGroup;
			children = (
				BA8A19D6302F55A300DF0174 /* MacRadio.app */,
			);
			name = Products;
			sourceTree = "<group>";
		};
/* End PBXGroup section */

/* Begin PBXNativeTarget section */
		BA8A19D5302F55A300DF0174 /* MacRadio */ = {
			isa = PBXNativeTarget;
			buildConfigurationList = BA8A19E1302F55A500DF0174 /* Build configuration list for PBXNativeTarget "MacRadio" */;
			buildPhases = (
				BA8A19D2302F55A300DF0174 /* Sources */,
				BA8A19D3302F55A300DF0174 /* Frameworks */,
				BA8A19D4302F55A300DF0174 /* Resources */,
			);
			buildRules = (
			);
			dependencies = (
			);
			name = MacRadio;
			packageProductDependencies = (
			);
			productName = MacRadio;
			productReference = BA8A19D6302F55A300DF0174 /* MacRadio.app */;
			productType = "com.apple.product-type.application";
		};
/* End PBXNativeTarget section */

/* Begin PBXProject section */
		BA8A19CE302F55A300DF0174 /* Project object */ = {
			isa = PBXProject;
			attributes = {
				BuildIndependentTargetsInParallel = 1;
				LastSwiftUpdateCheck = 2650;
				LastUpgradeCheck = 2650;
				TargetAttributes = {
					BA8A19D5302F55A300DF0174 = {
						CreatedOnToolsVersion = 26.5;
					};
				};
			};
			buildConfigurationList = BA8A19D1302F55A300DF0174 /* Build configuration list for PBXProject "MacRadio" */;
			developmentRegion = en;
			hasScannedForEncodings = 0;
			knownRegions = (
				en,
				Base,
			);
			mainGroup = BA8A19CD302F55A300DF0174;
			minimizedProjectReferenceProxies = 1;
			preferredProjectObjectVersion = 77;
			productRefGroup = BA8A19D7302F55A300DF0174 /* Products */;
			projectDirPath = "";
			projectRoot = "";
			targets = (
				BA8A19D5302F55A300DF0174 /* MacRadio */,
			);
		};
/* End PBXProject section */

/* Begin PBXResourcesBuildPhase section */
		BA8A19D4302F55A300DF0174 /* Resources */ = {
			isa = PBXResourcesBuildPhase;
			buildActionMask = 2147483647;
			files = (
				BA84C14630311C2A00F76186 /* stations.json in Resources */,
				BA84C14730311C2A00F76186 /* Assets.xcassets in Resources */,
			);
			runOnlyForDeploymentPostprocessing = 0;
		};
/* End PBXResourcesBuildPhase section */

/* Begin PBXSourcesBuildPhase section */
		BA8A19D2302F55A300DF0174 /* Sources */ = {
			isa = PBXSourcesBuildPhase;
			buildActionMask = 2147483647;
			files = (
				BA9563F0303263BF00245920 /* AllStationsView.swift in Sources */,
				BAEE4D163031EA660003242E /* ArtworkService.swift in Sources */,
				BA84C13530311C2A00F76186 /* AppState.swift in Sources */,
				BA84C13630311C2A00F76186 /* RadioStation.swift in Sources */,
				BA84C13730311C2A00F76186 /* MenuBarView.swift in Sources */,
				BA7098903033631000946EBA /* SettingsView.swift in Sources */,
				BA84C13830311C2A00F76186 /* StationManager.swift in Sources */,
				BA84C13930311C2A00F76186 /* MetadataService.swift in Sources */,
				BA84C14E3031465600F76186 /* PlayerStatusView.swift in Sources */,
				BAEE4D123031DFB60003242E /* MenuBarStationListView.swift in Sources */,
				BA70988E30334E7200946EBA /* NotificationService.swift in Sources */,
				BA70987F3033348100946EBA /* RadioPlayer+Recovery.swift in Sources */,
				BA84C13A30311C2A00F76186 /* ICYMetadataReader.swift in Sources */,
				BAEE4D0C3031D8AC0003242E /* StationListView.swift in Sources */,
				BA84C14C3031417B00F76186 /* MenuBarIcon.swift in Sources */,
				BA84C13D30311C2A00F76186 /* PlayerState.swift in Sources */,
				BAEE4D143031E8660003242E /* MenuBarFavoritesView.swift in Sources */,
				BA70988C3033484200946EBA /* MediaCommandService.swift in Sources */,
				BA70987D3033346600946EBA /* RadioPlayer+Volume.swift in Sources */,
				BA84C13E30311C2A00F76186 /* RadioPlayer.swift in Sources */,
				BA84C14030311C2A00F76186 /* MacRadioApp.swift in Sources */,
				BA84C14130311C2A00F76186 /* StationLoader.swift in Sources */,
				BA84C14A30311D2400F76186 /* AppSettings.swift in Sources */,
				BA8E5557303463460071F548 /* UserStation.swift in Sources */,
				BAEE4D0A3031D59C0003242E /* StationRowView.swift in Sources */,
				BA70987B3033344200946EBA /* RadioPlayer+Playback.swift in Sources */,
				BA84C14430311C2A00F76186 /* Track.swift in Sources */,
				BA84C14530311C2A00F76186 /* AppDelegate.swift in Sources */,
			);
			runOnlyForDeploymentPostprocessing = 0;
		};
/* End PBXSourcesBuildPhase section */

/* Begin XCBuildConfiguration section */
		BA8A19DF302F55A500DF0174 /* Debug */ = {
			isa = XCBuildConfiguration;
			buildSettings = {
				ALWAYS_SEARCH_USER_PATHS = NO;
				ASSETCATALOG_COMPILER_GENERATE_SWIFT_ASSET_SYMBOL_EXTENSIONS = YES;
				CLANG_ANALYZER_NONNULL = YES;
				CLANG_ANALYZER_NUMBER_OBJECT_CONVERSION = YES_AGGRESSIVE;
				CLANG_CXX_LANGUAGE_STANDARD = "gnu++20";
				CLANG_ENABLE_MODULES = YES;
				CLANG_ENABLE_OBJC_ARC = YES;
				CLANG_ENABLE_OBJC_WEAK = YES;
				CLANG_WARN_BLOCK_CAPTURE_AUTORELEASING = YES;
				CLANG_WARN_BOOL_CONVERSION = YES;
				CLANG_WARN_COMMA = YES;
				CLANG_WARN_CONSTANT_CONVERSION = YES;
				CLANG_WARN_DEPRECATED_OBJC_IMPLEMENTATIONS = YES;
				CLANG_WARN_DIRECT_OBJC_ISA_USAGE = YES_ERROR;
				CLANG_WARN_DOCUMENTATION_COMMENTS = YES;
				CLANG_WARN_EMPTY_BODY = YES;
				CLANG_WARN_ENUM_CONVERSION = YES;
				CLANG_WARN_INFINITE_RECURSION = YES;
				CLANG_WARN_INT_CONVERSION = YES;
				CLANG_WARN_NON_LITERAL_NULL_CONVERSION = YES;
				CLANG_WARN_OBJC_IMPLICIT_RETAIN_SELF = YES;
				CLANG_WARN_OBJC_LITERAL_CONVERSION = YES;
				CLANG_WARN_OBJC_ROOT_CLASS = YES_ERROR;
				CLANG_WARN_QUOTED_INCLUDE_IN_FRAMEWORK_HEADER = YES;
				CLANG_WARN_RANGE_LOOP_ANALYSIS = YES;
				CLANG_WARN_STRICT_PROTOTYPES = YES;
				CLANG_WARN_SUSPICIOUS_MOVE = YES;
				CLANG_WARN_UNGUARDED_AVAILABILITY = YES_AGGRESSIVE;
				CLANG_WARN_UNREACHABLE_CODE = YES;
				CLANG_WARN__DUPLICATE_METHOD_MATCH = YES;
				COPY_PHASE_STRIP = NO;
				DEBUG_INFORMATION_FORMAT = dwarf;
				DEVELOPMENT_TEAM = A67GUBGYBR;
				ENABLE_STRICT_OBJC_MSGSEND = YES;
				ENABLE_TESTABILITY = YES;
				ENABLE_USER_SCRIPT_SANDBOXING = YES;
				GCC_C_LANGUAGE_STANDARD = gnu17;
				GCC_DYNAMIC_NO_PIC = NO;
				GCC_NO_COMMON_BLOCKS = YES;
				GCC_OPTIMIZATION_LEVEL = 0;
				GCC_PREPROCESSOR_DEFINITIONS = (
					"DEBUG=1",
					"$(inherited)",
				);
				GCC_WARN_64_TO_32_BIT_CONVERSION = YES;
				GCC_WARN_ABOUT_RETURN_TYPE = YES_ERROR;
				GCC_WARN_UNDECLARED_SELECTOR = YES;
				GCC_WARN_UNINITIALIZED_AUTOS = YES_AGGRESSIVE;
				GCC_WARN_UNUSED_FUNCTION = YES;
				GCC_WARN_UNUSED_VARIABLE = YES;
				LOCALIZATION_PREFERS_STRING_CATALOGS = YES;
				MACOSX_DEPLOYMENT_TARGET = 26.5;
				MTL_ENABLE_DEBUG_INFO = INCLUDE_SOURCE;
				MTL_FAST_MATH = YES;
				ONLY_ACTIVE_ARCH = YES;
				SDKROOT = macosx;
				SWIFT_ACTIVE_COMPILATION_CONDITIONS = "DEBUG $(inherited)";
				SWIFT_OPTIMIZATION_LEVEL = "-Onone";
			};
			name = Debug;
		};
		BA8A19E0302F55A500DF0174 /* Release */ = {
			isa = XCBuildConfiguration;
			buildSettings = {
				ALWAYS_SEARCH_USER_PATHS = NO;
				ASSETCATALOG_COMPILER_GENERATE_SWIFT_ASSET_SYMBOL_EXTENSIONS = YES;
				CLANG_ANALYZER_NONNULL = YES;
				CLANG_ANALYZER_NUMBER_OBJECT_CONVERSION = YES_AGGRESSIVE;
				CLANG_CXX_LANGUAGE_STANDARD = "gnu++20";
				CLANG_ENABLE_MODULES = YES;
				CLANG_ENABLE_OBJC_ARC = YES;
				CLANG_ENABLE_OBJC_WEAK = YES;
				CLANG_WARN_BLOCK_CAPTURE_AUTORELEASING = YES;
				CLANG_WARN_BOOL_CONVERSION = YES;
				CLANG_WARN_COMMA = YES;
				CLANG_WARN_CONSTANT_CONVERSION = YES;
				CLANG_WARN_DEPRECATED_OBJC_IMPLEMENTATIONS = YES;
				CLANG_WARN_DIRECT_OBJC_ISA_USAGE = YES_ERROR;
				CLANG_WARN_DOCUMENTATION_COMMENTS = YES;
				CLANG_WARN_EMPTY_BODY = YES;
				CLANG_WARN_ENUM_CONVERSION = YES;
				CLANG_WARN_INFINITE_RECURSION = YES;
				CLANG_WARN_INT_CONVERSION = YES;
				CLANG_WARN_NON_LITERAL_NULL_CONVERSION = YES;
				CLANG_WARN_OBJC_IMPLICIT_RETAIN_SELF = YES;
				CLANG_WARN_OBJC_LITERAL_CONVERSION = YES;
				CLANG_WARN_OBJC_ROOT_CLASS = YES_ERROR;
				CLANG_WARN_QUOTED_INCLUDE_IN_FRAMEWORK_HEADER = YES;
				CLANG_WARN_RANGE_LOOP_ANALYSIS = YES;
				CLANG_WARN_STRICT_PROTOTYPES = YES;
				CLANG_WARN_SUSPICIOUS_MOVE = YES;
				CLANG_WARN_UNGUARDED_AVAILABILITY = YES_AGGRESSIVE;
				CLANG_WARN_UNREACHABLE_CODE = YES;
				CLANG_WARN__DUPLICATE_METHOD_MATCH = YES;
				COPY_PHASE_STRIP = NO;
				DEBUG_INFORMATION_FORMAT = "dwarf-with-dsym";
				DEVELOPMENT_TEAM = A67GUBGYBR;
				ENABLE_NS_ASSERTIONS = NO;
				ENABLE_STRICT_OBJC_MSGSEND = YES;
				ENABLE_USER_SCRIPT_SANDBOXING = YES;
				GCC_C_LANGUAGE_STANDARD = gnu17;
				GCC_NO_COMMON_BLOCKS = YES;
				GCC_WARN_64_TO_32_BIT_CONVERSION = YES;
				GCC_WARN_ABOUT_RETURN_TYPE = YES_ERROR;
				GCC_WARN_UNDECLARED_SELECTOR = YES;
				GCC_WARN_UNINITIALIZED_AUTOS = YES_AGGRESSIVE;
				GCC_WARN_UNUSED_FUNCTION = YES;
				GCC_WARN_UNUSED_VARIABLE = YES;
				LOCALIZATION_PREFERS_STRING_CATALOGS = YES;
				MACOSX_DEPLOYMENT_TARGET = 26.5;
				MTL_ENABLE_DEBUG_INFO = NO;
				MTL_FAST_MATH = YES;
				SDKROOT = macosx;
				SWIFT_COMPILATION_MODE = wholemodule;
			};
			name = Release;
		};
		BA8A19E2302F55A500DF0174 /* Debug */ = {
			isa = XCBuildConfiguration;
			buildSettings = {
				ASSETCATALOG_COMPILER_APPICON_NAME = AppIcon;
				ASSETCATALOG_COMPILER_GLOBAL_ACCENT_COLOR_NAME = AccentColor;
				CODE_SIGN_STYLE = Automatic;
				COMBINE_HIDPI_IMAGES = YES;
				CURRENT_PROJECT_VERSION = 1;
				DEVELOPMENT_TEAM = A67GUBGYBR;
				ENABLE_APP_SANDBOX = YES;
				ENABLE_HARDENED_RUNTIME = YES;
				ENABLE_INCOMING_NETWORK_CONNECTIONS = NO;
				ENABLE_OUTGOING_NETWORK_CONNECTIONS = YES;
				ENABLE_PREVIEWS = YES;
				ENABLE_RESOURCE_ACCESS_AUDIO_INPUT = NO;
				ENABLE_RESOURCE_ACCESS_BLUETOOTH = NO;
				ENABLE_RESOURCE_ACCESS_CALENDARS = NO;
				ENABLE_RESOURCE_ACCESS_CAMERA = NO;
				ENABLE_RESOURCE_ACCESS_CONTACTS = NO;
				ENABLE_RESOURCE_ACCESS_LOCATION = NO;
				ENABLE_RESOURCE_ACCESS_PRINTING = NO;
				ENABLE_RESOURCE_ACCESS_USB = NO;
				ENABLE_USER_SELECTED_FILES = readonly;
				GENERATE_INFOPLIST_FILE = YES;
				INFOPLIST_FILE = MacRadio/Info.plist;
				INFOPLIST_KEY_NSHumanReadableCopyright = "";
				LD_RUNPATH_SEARCH_PATHS = (
					"$(inherited)",
					"@executable_path/../Frameworks",
				);
				MARKETING_VERSION = 1.0;
				PRODUCT_BUNDLE_IDENTIFIER = My.MacRadio;
				PRODUCT_NAME = "$(TARGET_NAME)";
				REGISTER_APP_GROUPS = YES;
				STRING_CATALOG_GENERATE_SYMBOLS = YES;
				SWIFT_APPROACHABLE_CONCURRENCY = YES;
				SWIFT_DEFAULT_ACTOR_ISOLATION = MainActor;
				SWIFT_EMIT_LOC_STRINGS = YES;
				SWIFT_UPCOMING_FEATURE_MEMBER_IMPORT_VISIBILITY = YES;
				SWIFT_VERSION = 5.0;
			};
			name = Debug;
		};
		BA8A19E3302F55A500DF0174 /* Release */ = {
			isa = XCBuildConfiguration;
			buildSettings = {
				ASSETCATALOG_COMPILER_APPICON_NAME = AppIcon;
				ASSETCATALOG_COMPILER_GLOBAL_ACCENT_COLOR_NAME = AccentColor;
				CODE_SIGN_STYLE = Automatic;
				COMBINE_HIDPI_IMAGES = YES;
				CURRENT_PROJECT_VERSION = 1;
				DEVELOPMENT_TEAM = A67GUBGYBR;
				ENABLE_APP_SANDBOX = YES;
				ENABLE_HARDENED_RUNTIME = YES;
				ENABLE_INCOMING_NETWORK_CONNECTIONS = NO;
				ENABLE_OUTGOING_NETWORK_CONNECTIONS = YES;
				ENABLE_PREVIEWS = YES;
				ENABLE_RESOURCE_ACCESS_AUDIO_INPUT = NO;
				ENABLE_RESOURCE_ACCESS_BLUETOOTH = NO;
				ENABLE_RESOURCE_ACCESS_CALENDARS = NO;
				ENABLE_RESOURCE_ACCESS_CAMERA = NO;
				ENABLE_RESOURCE_ACCESS_CONTACTS = NO;
				ENABLE_RESOURCE_ACCESS_LOCATION = NO;
				ENABLE_RESOURCE_ACCESS_PRINTING = NO;
				ENABLE_RESOURCE_ACCESS_USB = NO;
				ENABLE_USER_SELECTED_FILES = readonly;
				GENERATE_INFOPLIST_FILE = YES;
				INFOPLIST_FILE = MacRadio/Info.plist;
				INFOPLIST_KEY_NSHumanReadableCopyright = "";
				LD_RUNPATH_SEARCH_PATHS = (
					"$(inherited)",
					"@executable_path/../Frameworks",
				);
				MARKETING_VERSION = 1.0;
				PRODUCT_BUNDLE_IDENTIFIER = My.MacRadio;
				PRODUCT_NAME = "$(TARGET_NAME)";
				REGISTER_APP_GROUPS = YES;
				STRING_CATALOG_GENERATE_SYMBOLS = YES;
				SWIFT_APPROACHABLE_CONCURRENCY = YES;
				SWIFT_DEFAULT_ACTOR_ISOLATION = MainActor;
				SWIFT_EMIT_LOC_STRINGS = YES;
				SWIFT_UPCOMING_FEATURE_MEMBER_IMPORT_VISIBILITY = YES;
				SWIFT_VERSION = 5.0;
			};
			name = Release;
		};
/* End XCBuildConfiguration section */

/* Begin XCConfigurationList section */
		BA8A19D1302F55A300DF0174 /* Build configuration list for PBXProject "MacRadio" */ = {
			isa = XCConfigurationList;
			buildConfigurations = (
				BA8A19DF302F55A500DF0174 /* Debug */,
				BA8A19E0302F55A500DF0174 /* Release */,
			);
			defaultConfigurationIsVisible = 0;
			defaultConfigurationName = Release;
		};
		BA8A19E1302F55A500DF0174 /* Build configuration list for PBXNativeTarget "MacRadio" */ = {
			isa = XCConfigurationList;
			buildConfigurations = (
				BA8A19E2302F55A500DF0174 /* Debug */,
				BA8A19E3302F55A500DF0174 /* Release */,
			);
			defaultConfigurationIsVisible = 0;
			defaultConfigurationName = Release;
		};
/* End XCConfigurationList section */
	};
	rootObject = BA8A19CE302F55A300DF0174 /* Project object */;
}
